// !$*UTF8*$!
{
	archiveVersion = 1;
	classes = {
	};
	objectVersion = 46;
	objects = {

/* Begin PBXBuildFile section */
		ED49807C188B31100072D6A9 /* SDL2_ttf.framework in Frameworks */ = {isa = PBXBuildFile; fileRef = ED49807B188B31100072D6A9 /* SDL2_ttf.framework */; };
		ED49807F188B32C70072D6A9 /* ColeFontManager.cpp in Sources */ = {isa = PBXBuildFile; fileRef = ED49807D188B32C70072D6A9 /* ColeFontManager.cpp */; };
		ED498083188B3E070072D6A9 /* Vera.ttf in Resources */ = {isa = PBXBuildFile; fileRef = ED498082188B3E070072D6A9 /* Vera.ttf */; };
		ED5848CB18A08AED002C9AF2 /* FPSCounter.cpp in Sources */ = {isa = PBXBuildFile; fileRef = ED5848C918A08AED002C9AF2 /* FPSCounter.cpp */; };
		ED7450041863BE3C008EB262 /* Cocoa.framework in Frameworks */ = {isa = PBXBuildFile; fileRef = ED7450031863BE3C008EB262 /* Cocoa.framework */; };
		ED74500E1863BE3C008EB262 /* InfoPlist.strings in Resources */ = {isa = PBXBuildFile; fileRef = ED74500C1863BE3C008EB262 /* InfoPlist.strings */; };
		ED7450101863BE3C008EB262 /* main.cpp in Sources */ = {isa = PBXBuildFile; fileRef = ED74500F1863BE3C008EB262 /* main.cpp */; };
		ED7450141863BE3C008EB262 /* Credits.rtf in Resources */ = {isa = PBXBuildFile; fileRef = ED7450121863BE3C008EB262 /* Credits.rtf */; };
		ED7450381863BF7C008EB262 /* SDL2.framework in Frameworks */ = {isa = PBXBuildFile; fileRef = ED7450371863BF7C008EB262 /* SDL2.framework */; };
		ED74503A1863C093008EB262 /* SDL2.framework in CopyFiles */ = {isa = PBXBuildFile; fileRef = ED7450371863BF7C008EB262 /* SDL2.framework */; };
		ED74503E1863C115008EB262 /* RealMain.cpp in Sources */ = {isa = PBXBuildFile; fileRef = ED74503C1863C115008EB262 /* RealMain.cpp */; };
		ED7450401863C1E8008EB262 /* SDL2_image.framework in Frameworks */ = {isa = PBXBuildFile; fileRef = ED74503F1863C1E8008EB262 /* SDL2_image.framework */; };
		ED7450411863C1EC008EB262 /* SDL2_image.framework in CopyFiles */ = {isa = PBXBuildFile; fileRef = ED74503F1863C1E8008EB262 /* SDL2_image.framework */; };
		ED7450431863C21B008EB262 /* SDL2_net.framework in Frameworks */ = {isa = PBXBuildFile; fileRef = ED7450421863C21B008EB262 /* SDL2_net.framework */; };
		ED7450441863C21F008EB262 /* SDL2_net.framework in CopyFiles */ = {isa = PBXBuildFile; fileRef = ED7450421863C21B008EB262 /* SDL2_net.framework */; };
		ED74504A1863C584008EB262 /* ResourcePath.mm in Sources */ = {isa = PBXBuildFile; fileRef = ED7450491863C584008EB262 /* ResourcePath.mm */; };
		ED74504E1863C7A7008EB262 /* RenderManager.cpp in Sources */ = {isa = PBXBuildFile; fileRef = ED74504C1863C7A7008EB262 /* RenderManager.cpp */; };
		ED91E669186F60C4002A4638 /* ColeTileset.cpp in Sources */ = {isa = PBXBuildFile; fileRef = ED91E667186F60C4002A4638 /* ColeTileset.cpp */; };
		ED91E66C186F6414002A4638 /* StrToInt.cpp in Sources */ = {isa = PBXBuildFile; fileRef = ED91E66A186F6414002A4638 /* StrToInt.cpp */; };
		ED91E66E186F6996002A4638 /* tileset.txt in Resources */ = {isa = PBXBuildFile; fileRef = ED91E66D186F6996002A4638 /* tileset.txt */; };
		EDAF14FA1893591F00AB3953 /* ColeScene.cpp in Sources */ = {isa = PBXBuildFile; fileRef = EDAF14F81893591F00AB3953 /* ColeScene.cpp */; };
		EDAF14FD18935AF400AB3953 /* MainMenu.cpp in Sources */ = {isa = PBXBuildFile; fileRef = EDAF14FB18935AF400AB3953 /* MainMenu.cpp */; };
		EDB2BCE3186A4F25003AB337 /* tileset.png in Resources */ = {isa = PBXBuildFile; fileRef = EDB2BCE2186A4F25003AB337 /* tileset.png */; };
		EDB2BCE6186A584C003AB337 /* ColeTexture.cpp in Sources */ = {isa = PBXBuildFile; fileRef = EDB2BCE4186A584C003AB337 /* ColeTexture.cpp */; };
		EDDA4701188335D900C13E4E /* servermain.cpp in Sources */ = {isa = PBXBuildFile; fileRef = ED62B848188222D30046BD5E /* servermain.cpp */; };
		EDDA47021883362C00C13E4E /* SDL2_net.framework in Frameworks */ = {isa = PBXBuildFile; fileRef = ED7450421863C21B008EB262 /* SDL2_net.framework */; };
		EDDA47031883362C00C13E4E /* SDL2.framework in Frameworks */ = {isa = PBXBuildFile; fileRef = ED7450371863BF7C008EB262 /* SDL2.framework */; };
		EDDA47081883375E00C13E4E /* Player.cpp in Sources */ = {isa = PBXBuildFile; fileRef = EDDA47061883375E00C13E4E /* Player.cpp */; };
		EDDA4709188337A300C13E4E /* Player.cpp in Sources */ = {isa = PBXBuildFile; fileRef = EDDA47061883375E00C13E4E /* Player.cpp */; };
		EDDDC0B2189B6E3100E478CB /* ColeTextBox.cpp in Sources */ = {isa = PBXBuildFile; fileRef = EDDDC0B0189B6E3100E478CB /* ColeTextBox.cpp */; };
/* End PBXBuildFile section */

/* Begin PBXCopyFilesBuildPhase section */
		ED62B83D188222A40046BD5E /* CopyFiles */ = {
			isa = PBXCopyFilesBuildPhase;
			buildActionMask = 2147483647;
			dstPath = /usr/share/man/man1/;
			dstSubfolderSpec = 0;
			files = (
			);
			runOnlyForDeploymentPostprocessing = 1;
		};
		ED7450391863C089008EB262 /* CopyFiles */ = {
			isa = PBXCopyFilesBuildPhase;
			buildActionMask = 2147483647;
			dstPath = "";
			dstSubfolderSpec = 10;
			files = (
				ED7450441863C21F008EB262 /* SDL2_net.framework in CopyFiles */,
				ED7450411863C1EC008EB262 /* SDL2_image.framework in CopyFiles */,
				ED74503A1863C093008EB262 /* SDL2.framework in CopyFiles */,
			);
			runOnlyForDeploymentPostprocessing = 0;
		};
/* End PBXCopyFilesBuildPhase section */

/* Begin PBXFileReference section */
		ED49807B188B31100072D6A9 /* SDL2_ttf.framework */ = {isa = PBXFileReference; lastKnownFileType = wrapper.framework; name = SDL2_ttf.framework; path = ../../../../Library/Frameworks/SDL2_ttf.framework; sourceTree = "<group>"; };
		ED49807D188B32C70072D6A9 /* ColeFontManager.cpp */ = {isa = PBXFileReference; fileEncoding = 4; lastKnownFileType = sourcecode.cpp.cpp; path = ColeFontManager.cpp; sourceTree = "<group>"; };
		ED49807E188B32C70072D6A9 /* ColeFontManager.h */ = {isa = PBXFileReference; fileEncoding = 4; lastKnownFileType = sourcecode.c.h; path = ColeFontManager.h; sourceTree = "<group>"; };
		ED498082188B3E070072D6A9 /* Vera.ttf */ = {isa = PBXFileReference; lastKnownFileType = file; path = Vera.ttf; sourceTree = "<group>"; };
		ED5848C918A08AED002C9AF2 /* FPSCounter.cpp */ = {isa = PBXFileReference; fileEncoding = 4; lastKnownFileType = sourcecode.cpp.cpp; path = FPSCounter.cpp; sourceTree = "<group>"; };
		ED5848CA18A08AED002C9AF2 /* FPSCounter.h */ = {isa = PBXFileReference; fileEncoding = 4; lastKnownFileType = sourcecode.c.h; path = FPSCounter.h; sourceTree = "<group>"; };
		ED62B839188222320046BD5E /* StrToInt.h */ = {isa = PBXFileReference; fileEncoding = 4; lastKnownFileType = sourcecode.c.h; path = StrToInt.h; sourceTree = "<group>"; };
		ED62B83F188222A40046BD5E /* MMO_Server */ = {isa = PBXFileReference; explicitFileType = "compiled.mach-o.executable"; includeInIndex = 0; path = MMO_Server; sourceTree = BUILT_PRODUCTS_DIR; };
		ED62B848188222D30046BD5E /* servermain.cpp */ = {isa = PBXFileReference; fileEncoding = 4; lastKnownFileType = sourcecode.cpp.cpp; path = servermain.cpp; sourceTree = "<group>"; };
		ED7450001863BE3C008EB262 /* MMO.app */ = {isa = PBXFileReference; explicitFileType = wrapper.application; includeInIndex = 0; path = MMO.app; sourceTree = BUILT_PRODUCTS_DIR; };
		ED7450031863BE3C008EB262 /* Cocoa.framework */ = {isa = PBXFileReference; lastKnownFileType = wrapper.framework; name = Cocoa.framework; path = System/Library/Frameworks/Cocoa.framework; sourceTree = SDKROOT; };
		ED7450061863BE3C008EB262 /* AppKit.framework */ = {isa = PBXFileReference; lastKnownFileType = wrapper.framework; name = AppKit.framework; path = System/Library/Frameworks/AppKit.framework; sourceTree = SDKROOT; };
		ED7450071863BE3C008EB262 /* CoreData.framework */ = {isa = PBXFileReference; lastKnownFileType = wrapper.framework; name = CoreData.framework; path = System/Library/Frameworks/CoreData.framework; sourceTree = SDKROOT; };
		ED7450081863BE3C008EB262 /* Foundation.framework */ = {isa = PBXFileReference; lastKnownFileType = wrapper.framework; name = Foundation.framework; path = System/Library/Frameworks/Foundation.framework; sourceTree = SDKROOT; };
		ED74500B1863BE3C008EB262 /* MMO-Info.plist */ = {isa = PBXFileReference; lastKnownFileType = text.plist.xml; path = "MMO-Info.plist"; sourceTree = "<group>"; };
		ED74500D1863BE3C008EB262 /* en */ = {isa = PBXFileReference; lastKnownFileType = text.plist.strings; name = en; path = en.lproj/InfoPlist.strings; sourceTree = "<group>"; };
		ED74500F1863BE3C008EB262 /* main.cpp */ = {isa = PBXFileReference; lastKnownFileType = sourcecode.cpp.cpp; path = main.cpp; sourceTree = "<group>"; };
		ED7450131863BE3C008EB262 /* en */ = {isa = PBXFileReference; lastKnownFileType = text.rtf; name = en; path = en.lproj/Credits.rtf; sourceTree = "<group>"; };
		ED7450221863BE3C008EB262 /* XCTest.framework */ = {isa = PBXFileReference; lastKnownFileType = wrapper.framework; name = XCTest.framework; path = Library/Frameworks/XCTest.framework; sourceTree = DEVELOPER_DIR; };
		ED7450371863BF7C008EB262 /* SDL2.framework */ = {isa = PBXFileReference; lastKnownFileType = wrapper.framework; name = SDL2.framework; path = ../../../../Library/Frameworks/SDL2.framework; sourceTree = "<group>"; };
		ED74503C1863C115008EB262 /* RealMain.cpp */ = {isa = PBXFileReference; fileEncoding = 4; lastKnownFileType = sourcecode.cpp.cpp; path = RealMain.cpp; sourceTree = "<group>"; };
		ED74503F1863C1E8008EB262 /* SDL2_image.framework */ = {isa = PBXFileReference; lastKnownFileType = wrapper.framework; name = SDL2_image.framework; path = ../../../../Library/Frameworks/SDL2_image.framework; sourceTree = "<group>"; };
		ED7450421863C21B008EB262 /* SDL2_net.framework */ = {isa = PBXFileReference; lastKnownFileType = wrapper.framework; name = SDL2_net.framework; path = ../../../../Library/Frameworks/SDL2_net.framework; sourceTree = "<group>"; };
		ED7450481863C584008EB262 /* ResourcePath.h */ = {isa = PBXFileReference; fileEncoding = 4; lastKnownFileType = sourcecode.c.h; path = ResourcePath.h; sourceTree = "<group>"; };
		ED7450491863C584008EB262 /* ResourcePath.mm */ = {isa = PBXFileReference; fileEncoding = 4; lastKnownFileType = sourcecode.cpp.objcpp; path = ResourcePath.mm; sourceTree = "<group>"; };
		ED74504B1863C5A9008EB262 /* RealMain.h */ = {isa = PBXFileReference; lastKnownFileType = sourcecode.c.h; path = RealMain.h; sourceTree = "<group>"; };
		ED74504C1863C7A7008EB262 /* RenderManager.cpp */ = {isa = PBXFileReference; fileEncoding = 4; lastKnownFileType = sourcecode.cpp.cpp; path = RenderManager.cpp; sourceTree = "<group>"; };
		ED74504D1863C7A7008EB262 /* RenderManager.h */ = {isa = PBXFileReference; fileEncoding = 4; lastKnownFileType = sourcecode.c.h; path = RenderManager.h; sourceTree = "<group>"; };
		ED91E667186F60C4002A4638 /* ColeTileset.cpp */ = {isa = PBXFileReference; fileEncoding = 4; lastKnownFileType = sourcecode.cpp.cpp; path = ColeTileset.cpp; sourceTree = "<group>"; };
		ED91E668186F60C4002A4638 /* ColeTileset.h */ = {isa = PBXFileReference; fileEncoding = 4; lastKnownFileType = sourcecode.c.h; path = ColeTileset.h; sourceTree = "<group>"; };
		ED91E66A186F6414002A4638 /* StrToInt.cpp */ = {isa = PBXFileReference; fileEncoding = 4; lastKnownFileType = sourcecode.cpp.cpp; path = StrToInt.cpp; sourceTree = "<group>"; };
		ED91E66D186F6996002A4638 /* tileset.txt */ = {isa = PBXFileReference; fileEncoding = 4; lastKnownFileType = text; path = tileset.txt; sourceTree = "<group>"; };
		EDAF14F81893591F00AB3953 /* ColeScene.cpp */ = {isa = PBXFileReference; fileEncoding = 4; lastKnownFileType = sourcecode.cpp.cpp; path = ColeScene.cpp; sourceTree = "<group>"; };
		EDAF14F91893591F00AB3953 /* ColeScene.h */ = {isa = PBXFileReference; fileEncoding = 4; lastKnownFileType = sourcecode.c.h; path = ColeScene.h; sourceTree = "<group>"; };
		EDAF14FB18935AF400AB3953 /* MainMenu.cpp */ = {isa = PBXFileReference; fileEncoding = 4; lastKnownFileType = sourcecode.cpp.cpp; path = MainMenu.cpp; sourceTree = "<group>"; };
		EDAF14FC18935AF400AB3953 /* MainMenu.h */ = {isa = PBXFileReference; fileEncoding = 4; lastKnownFileType = sourcecode.c.h; path = MainMenu.h; sourceTree = "<group>"; };
		EDB2BCE2186A4F25003AB337 /* tileset.png */ = {isa = PBXFileReference; lastKnownFileType = image.png; path = tileset.png; sourceTree = "<group>"; };
		EDB2BCE4186A584C003AB337 /* ColeTexture.cpp */ = {isa = PBXFileReference; fileEncoding = 4; lastKnownFileType = sourcecode.cpp.cpp; path = ColeTexture.cpp; sourceTree = "<group>"; };
		EDB2BCE5186A584C003AB337 /* ColeTexture.h */ = {isa = PBXFileReference; fileEncoding = 4; lastKnownFileType = sourcecode.c.h; path = ColeTexture.h; sourceTree = "<group>"; };
		EDDA47061883375E00C13E4E /* Player.cpp */ = {isa = PBXFileReference; fileEncoding = 4; lastKnownFileType = sourcecode.cpp.cpp; path = Player.cpp; sourceTree = "<group>"; };
		EDDA47071883375E00C13E4E /* Player.h */ = {isa = PBXFileReference; fileEncoding = 4; lastKnownFileType = sourcecode.c.h; path = Player.h; sourceTree = "<group>"; };
		EDDDC0B0189B6E3100E478CB /* ColeTextBox.cpp */ = {isa = PBXFileReference; fileEncoding = 4; lastKnownFileType = sourcecode.cpp.cpp; path = ColeTextBox.cpp; sourceTree = "<group>"; };
		EDDDC0B1189B6E3100E478CB /* ColeTextBox.h */ = {isa = PBXFileReference; fileEncoding = 4; lastKnownFileType = sourcecode.c.h; path = ColeTextBox.h; sourceTree = "<group>"; };
/* End PBXFileReference section */

/* Begin PBXFrameworksBuildPhase section */
		ED62B83C188222A40046BD5E /* Frameworks */ = {
			isa = PBXFrameworksBuildPhase;
			buildActionMask = 2147483647;
			files = (
				EDDA47021883362C00C13E4E /* SDL2_net.framework in Frameworks */,
				EDDA47031883362C00C13E4E /* SDL2.framework in Frameworks */,
			);
			runOnlyForDeploymentPostprocessing = 0;
		};
		ED744FFD1863BE3C008EB262 /* Frameworks */ = {
			isa = PBXFrameworksBuildPhase;
			buildActionMask = 2147483647;
			files = (
				ED49807C188B31100072D6A9 /* SDL2_ttf.framework in Frameworks */,
				ED7450431863C21B008EB262 /* SDL2_net.framework in Frameworks */,
				ED7450401863C1E8008EB262 /* SDL2_image.framework in Frameworks */,
				ED7450381863BF7C008EB262 /* SDL2.framework in Frameworks */,
				ED7450041863BE3C008EB262 /* Cocoa.framework in Frameworks */,
			);
			runOnlyForDeploymentPostprocessing = 0;
		};
/* End PBXFrameworksBuildPhase section */

/* Begin PBXGroup section */
		ED62B837188220960046BD5E /* Common */ = {
			isa = PBXGroup;
			children = (
			);
			name = Common;
			sourceTree = "<group>";
		};
		ED62B83A1882225D0046BD5E /* Server */ = {
			isa = PBXGroup;
			children = (
				ED62B848188222D30046BD5E /* servermain.cpp */,
			);
			name = Server;
			sourceTree = "<group>";
		};
		ED744FF71863BE3C008EB262 = {
			isa = PBXGroup;
			children = (
				ED62B837188220960046BD5E /* Common */,
				ED7450091863BE3C008EB262 /* MMO */,
				ED7450021863BE3C008EB262 /* Frameworks */,
				ED7450011863BE3C008EB262 /* Products */,
			);
			sourceTree = "<group>";
		};
		ED7450011863BE3C008EB262 /* Products */ = {
			isa = PBXGroup;
			children = (
				ED7450001863BE3C008EB262 /* MMO.app */,
				ED62B83F188222A40046BD5E /* MMO_Server */,
			);
			name = Products;
			sourceTree = "<group>";
		};
		ED7450021863BE3C008EB262 /* Frameworks */ = {
			isa = PBXGroup;
			children = (
				ED49807B188B31100072D6A9 /* SDL2_ttf.framework */,
				ED7450421863C21B008EB262 /* SDL2_net.framework */,
				ED74503F1863C1E8008EB262 /* SDL2_image.framework */,
				ED7450371863BF7C008EB262 /* SDL2.framework */,
				ED7450031863BE3C008EB262 /* Cocoa.framework */,
				ED7450221863BE3C008EB262 /* XCTest.framework */,
				ED7450051863BE3C008EB262 /* Other Frameworks */,
			);
			name = Frameworks;
			sourceTree = "<group>";
		};
		ED7450051863BE3C008EB262 /* Other Frameworks */ = {
			isa = PBXGroup;
			children = (
				ED7450061863BE3C008EB262 /* AppKit.framework */,
				ED7450071863BE3C008EB262 /* CoreData.framework */,
				ED7450081863BE3C008EB262 /* Foundation.framework */,
			);
			name = "Other Frameworks";
			sourceTree = "<group>";
		};
		ED7450091863BE3C008EB262 /* MMO */ = {
			isa = PBXGroup;
			children = (
				EDDA47041883365800C13E4E /* Common */,
				ED62B83A1882225D0046BD5E /* Server */,
				ED74503B1863C0F3008EB262 /* Client */,
				EDB2BCE1186A4F1A003AB337 /* Resources */,
				ED74500A1863BE3C008EB262 /* Supporting Files */,
			);
			path = MMO;
			sourceTree = "<group>";
		};
		ED74500A1863BE3C008EB262 /* Supporting Files */ = {
			isa = PBXGroup;
			children = (
				ED74500F1863BE3C008EB262 /* main.cpp */,
				ED7450481863C584008EB262 /* ResourcePath.h */,
				ED7450491863C584008EB262 /* ResourcePath.mm */,
				ED74500B1863BE3C008EB262 /* MMO-Info.plist */,
				ED74500C1863BE3C008EB262 /* InfoPlist.strings */,
				ED7450121863BE3C008EB262 /* Credits.rtf */,
			);
			name = "Supporting Files";
			sourceTree = "<group>";
		};
		ED74503B1863C0F3008EB262 /* Client */ = {
			isa = PBXGroup;
			children = (
				ED74504B1863C5A9008EB262 /* RealMain.h */,
				ED74503C1863C115008EB262 /* RealMain.cpp */,
				ED74504D1863C7A7008EB262 /* RenderManager.h */,
				ED74504C1863C7A7008EB262 /* RenderManager.cpp */,
				EDB2BCE5186A584C003AB337 /* ColeTexture.h */,
				EDB2BCE4186A584C003AB337 /* ColeTexture.cpp */,
				ED91E668186F60C4002A4638 /* ColeTileset.h */,
				ED91E667186F60C4002A4638 /* ColeTileset.cpp */,
				ED62B839188222320046BD5E /* StrToInt.h */,
				ED91E66A186F6414002A4638 /* StrToInt.cpp */,
				ED49807E188B32C70072D6A9 /* ColeFontManager.h */,
				ED49807D188B32C70072D6A9 /* ColeFontManager.cpp */,
				EDAF14F91893591F00AB3953 /* ColeScene.h */,
				EDAF14F81893591F00AB3953 /* ColeScene.cpp */,
				EDAF14FC18935AF400AB3953 /* MainMenu.h */,
				EDAF14FB18935AF400AB3953 /* MainMenu.cpp */,
				EDDDC0B1189B6E3100E478CB /* ColeTextBox.h */,
				EDDDC0B0189B6E3100E478CB /* ColeTextBox.cpp */,
				ED5848CA18A08AED002C9AF2 /* FPSCounter.h */,
				ED5848C918A08AED002C9AF2 /* FPSCounter.cpp */,
			);
			name = Client;
			sourceTree = "<group>";
		};
		EDB2BCE1186A4F1A003AB337 /* Resources */ = {
			isa = PBXGroup;
			children = (
				ED498082188B3E070072D6A9 /* Vera.ttf */,
				EDB2BCE2186A4F25003AB337 /* tileset.png */,
				ED91E66D186F6996002A4638 /* tileset.txt */,
			);
			name = Resources;
			sourceTree = "<group>";
		};
		EDDA47041883365800C13E4E /* Common */ = {
			isa = PBXGroup;
			children = (
				EDDA47071883375E00C13E4E /* Player.h */,
				EDDA47061883375E00C13E4E /* Player.cpp */,
			);
			name = Common;
			sourceTree = "<group>";
		};
/* End PBXGroup section */

/* Begin PBXNativeTarget section */
		ED62B83E188222A40046BD5E /* MMO_Server */ = {
			isa = PBXNativeTarget;
			buildConfigurationList = ED62B845188222A40046BD5E /* Build configuration list for PBXNativeTarget "MMO_Server" */;
			buildPhases = (
				ED62B83B188222A40046BD5E /* Sources */,
				ED62B83C188222A40046BD5E /* Frameworks */,
				ED62B83D188222A40046BD5E /* CopyFiles */,
			);
			buildRules = (
			);
			dependencies = (
			);
			name = MMO_Server;
			productName = MMO_Server;
			productReference = ED62B83F188222A40046BD5E /* MMO_Server */;
			productType = "com.apple.product-type.tool";
		};
		ED744FFF1863BE3C008EB262 /* MMO */ = {
			isa = PBXNativeTarget;
			buildConfigurationList = ED7450311863BE3C008EB262 /* Build configuration list for PBXNativeTarget "MMO" */;
			buildPhases = (
				ED744FFC1863BE3C008EB262 /* Sources */,
				ED744FFD1863BE3C008EB262 /* Frameworks */,
				ED744FFE1863BE3C008EB262 /* Resources */,
				ED7450391863C089008EB262 /* CopyFiles */,
			);
			buildRules = (
			);
			dependencies = (
			);
			name = MMO;
			productName = MMO;
			productReference = ED7450001863BE3C008EB262 /* MMO.app */;
			productType = "com.apple.product-type.application";
		};
/* End PBXNativeTarget section */

/* Begin PBXProject section */
		ED744FF81863BE3C008EB262 /* Project object */ = {
			isa = PBXProject;
			attributes = {
				LastUpgradeCheck = 0500;
				ORGANIZATIONNAME = "Cole Faust";
			};
			buildConfigurationList = ED744FFB1863BE3C008EB262 /* Build configuration list for PBXProject "MMO" */;
			compatibilityVersion = "Xcode 3.2";
			developmentRegion = English;
			hasScannedForEncodings = 0;
			knownRegions = (
				en,
				Base,
			);
			mainGroup = ED744FF71863BE3C008EB262;
			productRefGroup = ED7450011863BE3C008EB262 /* Products */;
			projectDirPath = "";
			projectRoot = "";
			targets = (
				ED744FFF1863BE3C008EB262 /* MMO */,
				ED62B83E188222A40046BD5E /* MMO_Server */,
			);
		};
/* End PBXProject section */

/* Begin PBXResourcesBuildPhase section */
		ED744FFE1863BE3C008EB262 /* Resources */ = {
			isa = PBXResourcesBuildPhase;
			buildActionMask = 2147483647;
			files = (
				ED74500E1863BE3C008EB262 /* InfoPlist.strings in Resources */,
				ED498083188B3E070072D6A9 /* Vera.ttf in Resources */,
				ED7450141863BE3C008EB262 /* Credits.rtf in Resources */,
				EDB2BCE3186A4F25003AB337 /* tileset.png in Resources */,
				ED91E66E186F6996002A4638 /* tileset.txt in Resources */,
			);
			runOnlyForDeploymentPostprocessing = 0;
		};
/* End PBXResourcesBuildPhase section */

/* Begin PBXSourcesBuildPhase section */
		ED62B83B188222A40046BD5E /* Sources */ = {
			isa = PBXSourcesBuildPhase;
			buildActionMask = 2147483647;
			files = (
				EDDA4709188337A300C13E4E /* Player.cpp in Sources */,
				EDDA4701188335D900C13E4E /* servermain.cpp in Sources */,
			);
			runOnlyForDeploymentPostprocessing = 0;
		};
		ED744FFC1863BE3C008EB262 /* Sources */ = {
			isa = PBXSourcesBuildPhase;
			buildActionMask = 2147483647;
			files = (
				ED5848CB18A08AED002C9AF2 /* FPSCounter.cpp in Sources */,
				EDDA47081883375E00C13E4E /* Player.cpp in Sources */,
				ED74504A1863C584008EB262 /* ResourcePath.mm in Sources */,
				ED91E669186F60C4002A4638 /* ColeTileset.cpp in Sources */,
				EDB2BCE6186A584C003AB337 /* ColeTexture.cpp in Sources */,
				ED91E66C186F6414002A4638 /* StrToInt.cpp in Sources */,
				ED74504E1863C7A7008EB262 /* RenderManager.cpp in Sources */,
				ED74503E1863C115008EB262 /* RealMain.cpp in Sources */,
				EDAF14FD18935AF400AB3953 /* MainMenu.cpp in Sources */,
				ED49807F188B32C70072D6A9 /* ColeFontManager.cpp in Sources */,
				EDDDC0B2189B6E3100E478CB /* ColeTextBox.cpp in Sources */,
				ED7450101863BE3C008EB262 /* main.cpp in Sources */,
				EDAF14FA1893591F00AB3953 /* ColeScene.cpp in Sources */,
			);
			runOnlyForDeploymentPostprocessing = 0;
		};
/* End PBXSourcesBuildPhase section */

/* Begin PBXVariantGroup section */
		ED74500C1863BE3C008EB262 /* InfoPlist.strings */ = {
			isa = PBXVariantGroup;
			children = (
				ED74500D1863BE3C008EB262 /* en */,
			);
			name = InfoPlist.strings;
			sourceTree = "<group>";
		};
		ED7450121863BE3C008EB262 /* Credits.rtf */ = {
			isa = PBXVariantGroup;
			children = (
				ED7450131863BE3C008EB262 /* en */,
			);
			name = Credits.rtf;
			sourceTree = "<group>";
		};
/* End PBXVariantGroup section */

/* Begin XCBuildConfiguration section */
		ED62B846188222A40046BD5E /* Debug */ = {
			isa = XCBuildConfiguration;
			buildSettings = {
				FRAMEWORK_SEARCH_PATHS = (
					"$(inherited)",
					"$(LOCAL_LIBRARY_DIR)/Frameworks",
				);
				GCC_PREPROCESSOR_DEFINITIONS = (
					"DEBUG=1",
					"$(inherited)",
				);
				PRODUCT_NAME = "$(TARGET_NAME)";
			};
			name = Debug;
		};
		ED62B847188222A40046BD5E /* Release */ = {
			isa = XCBuildConfiguration;
			buildSettings = {
				FRAMEWORK_SEARCH_PATHS = (
					"$(inherited)",
					"$(LOCAL_LIBRARY_DIR)/Frameworks",
				);
				PRODUCT_NAME = "$(TARGET_NAME)";
			};
			name = Release;
		};
		ED74502F1863BE3C008EB262 /* Debug */ = {
			isa = XCBuildConfiguration;
			buildSettings = {
				ALWAYS_SEARCH_USER_PATHS = NO;
				CLANG_CXX_LANGUAGE_STANDARD = "gnu++0x";
				CLANG_CXX_LIBRARY = "libc++";
				CLANG_ENABLE_OBJC_ARC = YES;
				CLANG_WARN_BOOL_CONVERSION = YES;
				CLANG_WARN_CONSTANT_CONVERSION = YES;
				CLANG_WARN_DIRECT_OBJC_ISA_USAGE = YES_ERROR;
				CLANG_WARN_EMPTY_BODY = YES;
				CLANG_WARN_ENUM_CONVERSION = YES;
				CLANG_WARN_INT_CONVERSION = YES;
				CLANG_WARN_OBJC_ROOT_CLASS = YES_ERROR;
				CLANG_WARN__DUPLICATE_METHOD_MATCH = YES;
				COPY_PHASE_STRIP = NO;
				GCC_C_LANGUAGE_STANDARD = gnu99;
				GCC_DYNAMIC_NO_PIC = NO;
				GCC_ENABLE_OBJC_EXCEPTIONS = YES;
				GCC_OPTIMIZATION_LEVEL = 0;
				GCC_PREPROCESSOR_DEFINITIONS = (
					"DEBUG=1",
					"$(inherited)",
				);
				GCC_SYMBOLS_PRIVATE_EXTERN = NO;
				GCC_WARN_64_TO_32_BIT_CONVERSION = YES;
				GCC_WARN_ABOUT_RETURN_TYPE = YES_ERROR;
				GCC_WARN_UNDECLARED_SELECTOR = YES;
				GCC_WARN_UNINITIALIZED_AUTOS = YES;
				GCC_WARN_UNUSED_FUNCTION = YES;
				GCC_WARN_UNUSED_VARIABLE = YES;
				MACOSX_DEPLOYMENT_TARGET = 10.9;
				ONLY_ACTIVE_ARCH = YES;
				SDKROOT = macosx;
			};
			name = Debug;
		};
		ED7450301863BE3C008EB262 /* Release */ = {
			isa = XCBuildConfiguration;
			buildSettings = {
				ALWAYS_SEARCH_USER_PATHS = NO;
				CLANG_CXX_LANGUAGE_STANDARD = "gnu++0x";
				CLANG_CXX_LIBRARY = "libc++";
				CLANG_ENABLE_OBJC_ARC = YES;
				CLANG_WARN_BOOL_CONVERSION = YES;
				CLANG_WARN_CONSTANT_CONVERSION = YES;
				CLANG_WARN_DIRECT_OBJC_ISA_USAGE = YES_ERROR;
				CLANG_WARN_EMPTY_BODY = YES;
				CLANG_WARN_ENUM_CONVERSION = YES;
				CLANG_WARN_INT_CONVERSION = YES;
				CLANG_WARN_OBJC_ROOT_CLASS = YES_ERROR;
				CLANG_WARN__DUPLICATE_METHOD_MATCH = YES;
				COPY_PHASE_STRIP = YES;
				DEBUG_INFORMATION_FORMAT = "dwarf-with-dsym";
				ENABLE_NS_ASSERTIONS = NO;
				GCC_C_LANGUAGE_STANDARD = gnu99;
				GCC_ENABLE_OBJC_EXCEPTIONS = YES;
				GCC_WARN_64_TO_32_BIT_CONVERSION = YES;
				GCC_WARN_ABOUT_RETURN_TYPE = YES_ERROR;
				GCC_WARN_UNDECLARED_SELECTOR = YES;
				GCC_WARN_UNINITIALIZED_AUTOS = YES;
				GCC_WARN_UNUSED_FUNCTION = YES;
				GCC_WARN_UNUSED_VARIABLE = YES;
				MACOSX_DEPLOYMENT_TARGET = 10.9;
				SDKROOT = macosx;
			};
			name = Release;
		};
		ED7450321863BE3C008EB262 /* Debug */ = {
			isa = XCBuildConfiguration;
			buildSettings = {
				ASSETCATALOG_COMPILER_APPICON_NAME = AppIcon;
				COMBINE_HIDPI_IMAGES = YES;
				FRAMEWORK_SEARCH_PATHS = (
					"$(inherited)",
					"$(LOCAL_LIBRARY_DIR)/Frameworks",
				);
				GCC_PRECOMPILE_PREFIX_HEADER = NO;
				GCC_PREFIX_HEADER = "";
				INFOPLIST_FILE = "MMO/MMO-Info.plist";
				LD_RUNPATH_SEARCH_PATHS = "@executable_path/../Frameworks";
				PRODUCT_NAME = "$(TARGET_NAME)";
				WRAPPER_EXTENSION = app;
			};
			name = Debug;
		};
		ED7450331863BE3C008EB262 /* Release */ = {
			isa = XCBuildConfiguration;
			buildSettings = {
				ASSETCATALOG_COMPILER_APPICON_NAME = AppIcon;
				COMBINE_HIDPI_IMAGES = YES;
				FRAMEWORK_SEARCH_PATHS = (
					"$(inherited)",
					"$(LOCAL_LIBRARY_DIR)/Frameworks",
				);
				GCC_PRECOMPILE_PREFIX_HEADER = NO;
				GCC_PREFIX_HEADER = "";
				INFOPLIST_FILE = "MMO/MMO-Info.plist";
				LD_RUNPATH_SEARCH_PATHS = "@executable_path/../Frameworks";
				PRODUCT_NAME = "$(TARGET_NAME)";
				WRAPPER_EXTENSION = app;
			};
			name = Release;
		};
/* End XCBuildConfiguration section */

/* Begin XCConfigurationList section */
		ED62B845188222A40046BD5E /* Build configuration list for PBXNativeTarget "MMO_Server" */ = {
			isa = XCConfigurationList;
			buildConfigurations = (
				ED62B846188222A40046BD5E /* Debug */,
				ED62B847188222A40046BD5E /* Release */,
			);
			defaultConfigurationIsVisible = 0;
			defaultConfigurationName = Release;
		};
		ED744FFB1863BE3C008EB262 /* Build configuration list for PBXProject "MMO" */ = {
			isa = XCConfigurationList;
			buildConfigurations = (
				ED74502F1863BE3C008EB262 /* Debug */,
				ED7450301863BE3C008EB262 /* Release */,
			);
			defaultConfigurationIsVisible = 0;
			defaultConfigurationName = Release;
		};
		ED7450311863BE3C008EB262 /* Build configuration list for PBXNativeTarget "MMO" */ = {
			isa = XCConfigurationList;
			buildConfigurations = (
				ED7450321863BE3C008EB262 /* Debug */,
				ED7450331863BE3C008EB262 /* Release */,
			);
			defaultConfigurationIsVisible = 0;
			defaultConfigurationName = Release;
		};
/* End XCConfigurationList section */
	};
	rootObject = ED744FF81863BE3C008EB262 /* Project object */;
}
